
Microsoft Visual Studio Solution File, Format Version 12.00
# Visual Studio Version 17
VisualStudioVersion = 17.7.34202.233
MinimumVisualStudioVersion = 10.0.40219.1
Project("{FAE04EC0-301F-11D3-BF4B-00C04F79EFBC}") = "Maju", "Maju\Maju.csproj", "{126ACF6B-6B86-4E59-918C-25278559E832}"
EndProject
Global
	GlobalSection(SolutionConfigurationPlatforms) = preSolution
		Debug|Any CPU = Debug|Any CPU
		Release|Any CPU = Release|Any CPU
	EndGlobalSection
	GlobalSection(ProjectConfigurationPlatforms) = postSolution
		{126ACF6B-6B86-4E59-918C-25278559E832}.Debug|Any CPU.ActiveCfg = Debug|Any CPU
		{126ACF6B-6B86-4E59-918C-25278559E832}.Debug|Any CPU.Build.0 = Debug|Any CPU
		{126ACF6B-6B86-4E59-918C-25278559E832}.Release|Any CPU.ActiveCfg = Release|Any CPU
		{126ACF6B-6B86-4E59-918C-25278559E832}.Release|Any CPU.Build.0 = Release|Any CPU
	EndGlobalSection
	GlobalSection(SolutionProperties) = preSolution
		HideSolutionNode = FALSE
	EndGlobalSection
	GlobalSection(ExtensibilityGlobals) = postSolution
		SolutionGuid = {98471DE4-957F-4990-870D-2F7DE0B9DCB7}
	EndGlobalSection
EndGlobal
